{
  "name": "gatsby-theme-flow",
  "version": "1.0.0",
  "lockfileVersion": 2,
  "requires": true,
  "packages": {
    "": {
      "name": "gatsby-theme-flow",
      "version": "1.0.0",
      "license": "ISC",
      "dependencies": {
        "gatsby-remark-relative-linker": "../gatsby-remark-relative-linker",
        "gatsby-remark-vscode-flow": "../gatsby-remark-vscode-flow",
        "gatsby-source-github": "../gatsby-source-github"
      }
    },
    "../gatsby-remark-relative-linker": {
      "version": "1.0.0",
      "license": "ISC",
      "dependencies": {
        "unist-util-visit": "2.0.3"
      }
    },
    "../gatsby-remark-vscode-flow": {
      "version": "1.0.0",
      "license": "ISC",
      "dependencies": {
        "hast-util-to-html": "^7.1.1",
        "unist-util-visit": "^2.0.3",
        "vscode-textmate": "^4.4.0"
      }
    },
    "../gatsby-source-github": {
      "version": "0.0.2",
      "license": "MIT",
      "dependencies": {
        "graphql-request": "~1.5.1",
        "lodash": "~4.17.5",
        "yup": "~0.24.1"
      },
      "devDependencies": {
        "babel-cli": "~6.26.0",
        "babel-plugin-transform-object-rest-spread": "~6.26.0",
        "babel-preset-env": "~1.6.1",
        "cross-env": "~5.1.4",
        "jest": "~22.4.3",
        "prettier": "~1.11.1"
      }
    },
    "node_modules/gatsby-remark-relative-linker": {
      "resolved": "../gatsby-remark-relative-linker",
      "link": true
    },
    "node_modules/gatsby-remark-vscode-flow": {
      "resolved": "../gatsby-remark-vscode-flow",
      "link": true
    },
    "node_modules/gatsby-source-github": {
      "resolved": "../gatsby-source-github",
      "link": true
    }
  },
  "dependencies": {
    "gatsby-remark-relative-linker": {
      "version": "file:../gatsby-remark-relative-linker",
      "requires": {
        "unist-util-visit": "2.0.3"
      }
    },
    "gatsby-remark-vscode-flow": {
      "version": "file:../gatsby-remark-vscode-flow",
      "requires": {
        "hast-util-to-html": "^7.1.1",
        "unist-util-visit": "^2.0.3",
        "vscode-textmate": "^4.4.0"
      }
    },
    "gatsby-source-github": {
      "version": "file:../gatsby-source-github",
      "requires": {
        "babel-cli": "~6.26.0",
        "babel-plugin-transform-object-rest-spread": "~6.26.0",
        "babel-preset-env": "~1.6.1",
        "cross-env": "~5.1.4",
        "graphql-request": "~1.5.1",
        "jest": "~22.4.3",
        "lodash": "~4.17.5",
        "prettier": "~1.11.1",
        "yup": "~0.24.1"
      }
    }
  }
}
