{
  "name": "gatsby-theme-flow",
  "version": "1.0.0",
  "lockfileVersion": 1,
  "requires": true,
  "dependencies": {
    "@improbable-eng/grpc-web": {
      "version": "0.14.0",
      "resolved": "https://registry.npmjs.org/@improbable-eng/grpc-web/-/grpc-web-0.14.0.tgz",
      "integrity": "sha512-ag1PTMWpBZKGi6GrEcZ4lkU5Qag23Xjo10BmnK9qyx4TMmSVcWmQ3rECirfQzm2uogrM9n1M6xfOpFsJP62ivA==",
      "requires": {
        "browser-headers": "^0.4.1"
      }
    },
    "@improbable-eng/grpc-web-node-http-transport": {
      "version": "0.14.0",
      "resolved": "https://registry.npmjs.org/@improbable-eng/grpc-web-node-http-transport/-/grpc-web-node-http-transport-0.14.0.tgz",
      "integrity": "sha512-NGZJgY8zTTWM//9oGdJZ+acmCgcgUcqxu3NV3GMFxw35D+3xkdEz599r9O7urg1Vv0+LzXDvfWEg7qg1Ec8x1w=="
    },
    "@onflow/config": {
      "version": "0.0.2",
      "resolved": "https://registry.npmjs.org/@onflow/config/-/config-0.0.2.tgz",
      "integrity": "sha512-H/+yrAalzEnMWkubiWsDdWytKSzd+OfRCddTlaRUelxfXhcfw2QWegH9N8EzeKfKXcQ6PLzvu9vQwhFxCZTE8Q==",
      "requires": {
        "@onflow/util-actor": "0.0.2"
      }
    },
    "@onflow/fcl": {
      "version": "0.0.70",
      "resolved": "https://registry.npmjs.org/@onflow/fcl/-/fcl-0.0.70.tgz",
      "integrity": "sha512-FRjyLUx9hbWrz2gQizF2sWgWHsMG8RoMW7+dQ5mVE0NpCV7knjyM6peqlNYTYvOWGsNf8TdG0M8fDEFpu1bRQw==",
      "requires": {
        "@onflow/config": "0.0.2",
        "@onflow/interaction": "0.0.11",
        "@onflow/rlp": "0.0.3",
        "@onflow/sdk": "0.0.46-alpha.1",
        "@onflow/types": "^0.0.4",
        "@onflow/util-actor": "0.0.2",
        "@onflow/util-address": "0.0.0",
        "@onflow/util-invariant": "0.0.0",
        "@onflow/util-template": "0.0.1",
        "@onflow/util-uid": "0.0.1"
      }
    },
    "@onflow/interaction": {
      "version": "0.0.11",
      "resolved": "https://registry.npmjs.org/@onflow/interaction/-/interaction-0.0.11.tgz",
      "integrity": "sha512-Xuq1Mmx6Wyba/F/L+QLQs0yJeQDsIDwy5SKk5vrCuVgIj0yD8k506g5L8ODrbM1LWll8i0tQsoOi0F85vNl5sA=="
    },
    "@onflow/protobuf": {
      "version": "0.1.8",
      "resolved": "https://registry.npmjs.org/@onflow/protobuf/-/protobuf-0.1.8.tgz",
      "integrity": "sha512-Taww31RrpJMr3fkWgF2HR2TcRbAoPbMjwRYt9IlYknyRX5YTzpaU35petdqDRfxwmfY9mRxHbiInujX4aV02Hw==",
      "requires": {
        "@improbable-eng/grpc-web": "^0.12.0",
        "google-protobuf": "^3.11.4"
      },
      "dependencies": {
        "@improbable-eng/grpc-web": {
          "version": "0.12.0",
          "resolved": "https://registry.npmjs.org/@improbable-eng/grpc-web/-/grpc-web-0.12.0.tgz",
          "integrity": "sha512-uJjgMPngreRTYPBuo6gswMj1gK39Wbqre/RgE0XnSDXJRg6ST7ZhuS53dFE6Vc2CX4jxgl+cO+0B3op8LA4Q0Q==",
          "requires": {
            "browser-headers": "^0.4.0"
          }
        }
      }
    },
    "@onflow/rlp": {
      "version": "0.0.3",
      "resolved": "https://registry.npmjs.org/@onflow/rlp/-/rlp-0.0.3.tgz",
      "integrity": "sha512-oAf0VEiMjX8eC6Vd66j1BdGYTHOM6UBaS/sLSScnc7bKX5gICqe2gtEsCeJVE9rUzRk3GD3JqXRnPAW6YFWd/Q=="
    },
    "@onflow/sdk": {
      "version": "0.0.46-alpha.1",
      "resolved": "https://registry.npmjs.org/@onflow/sdk/-/sdk-0.0.46-alpha.1.tgz",
      "integrity": "sha512-wURqXSyEMRBRxo1DSUD7c9mG2igQWsKrAeZgxE+ZeVDOtaHIooTMX+gd2KgFx2FvUHHiNj3x+YY70KSEaH2OXQ==",
      "requires": {
        "@improbable-eng/grpc-web": "^0.14.0",
        "@improbable-eng/grpc-web-node-http-transport": "^0.14.0",
        "@onflow/config": "^0.0.2",
        "@onflow/protobuf": "^0.1.8",
        "@onflow/rlp": "^0.0.3",
        "@onflow/util-address": "^0.0.0",
        "@onflow/util-invariant": "^0.0.0",
        "@onflow/util-template": "0.0.1",
        "deepmerge": "^4.2.2"
      }
    },
    "@onflow/types": {
      "version": "0.0.4",
      "resolved": "https://registry.npmjs.org/@onflow/types/-/types-0.0.4.tgz",
      "integrity": "sha512-47r0qTM45mR7FSvyEE0njGljkpgy3MCf/2W82pfZ/PTFGWr1nsGV/4j2bUfK9Sry4Ymz2W20iRZVP3xpqOhqGw=="
    },
    "@onflow/util-actor": {
      "version": "0.0.2",
      "resolved": "https://registry.npmjs.org/@onflow/util-actor/-/util-actor-0.0.2.tgz",
      "integrity": "sha512-NV3zPXQue3FqVgcIIMo6ifJOiP3hVSQTaR4ZrWLFU5iAZ/L73cTtBMbCB4BUFOe20ALtF2c9PFmpNVowCYV+nw==",
      "requires": {
        "queue-microtask": "1.1.2"
      }
    },
    "@onflow/util-address": {
      "version": "0.0.0",
      "resolved": "https://registry.npmjs.org/@onflow/util-address/-/util-address-0.0.0.tgz",
      "integrity": "sha512-Lzbw/wV3O1fmfXYF2q6iGLgHz/7ATsLXOHceP5tzeEAKNf+srdtTNJv5jhNGhpFFAtQ6TcomXURVMhUg+/4YbA=="
    },
    "@onflow/util-invariant": {
      "version": "0.0.0",
      "resolved": "https://registry.npmjs.org/@onflow/util-invariant/-/util-invariant-0.0.0.tgz",
      "integrity": "sha512-ZCt+NqLdeHt9tZhb0DGxo6iSIS9oNUpLkd0PEMzUYUHr4UwrUO7VruV1AUW3PaF9V78DZ13fNZUiQEzdF76O/w=="
    },
    "@onflow/util-template": {
      "version": "0.0.1",
      "resolved": "https://registry.npmjs.org/@onflow/util-template/-/util-template-0.0.1.tgz",
      "integrity": "sha512-qlJ0oq+QujnZRCOGYaw5OKSDpiDIOpwQMYlMe4Mbz//Wn+LOmUghoKZGmRP+YCgp7BJ4aB6AWW/7kL83NDy50A=="
    },
    "@onflow/util-uid": {
      "version": "0.0.1",
      "resolved": "https://registry.npmjs.org/@onflow/util-uid/-/util-uid-0.0.1.tgz",
      "integrity": "sha512-SzBscBdyn1Zoks0Wo/w7J/Ds9IZ/T+KM/wyWMwWla4PnxwBFviy1BytEQY+sM5q1UNOvaGWgGEoRmH/oOCcglA=="
    },
    "browser-headers": {
      "version": "0.4.1",
      "resolved": "https://registry.npmjs.org/browser-headers/-/browser-headers-0.4.1.tgz",
      "integrity": "sha512-CA9hsySZVo9371qEHjHZtYxV2cFtVj5Wj/ZHi8ooEsrtm4vOnl9Y9HmyYWk9q+05d7K3rdoAE0j3MVEFVvtQtg=="
    },
    "deepmerge": {
      "version": "4.2.2",
      "resolved": "https://registry.npmjs.org/deepmerge/-/deepmerge-4.2.2.tgz",
      "integrity": "sha512-FJ3UgI4gIl+PHZm53knsuSFpE+nESMr7M4v9QcgB7S63Kj/6WqMiFQJpBBYz1Pt+66bZpP3Q7Lye0Oo9MPKEdg=="
    },
    "dequal": {
      "version": "2.0.2",
      "resolved": "https://registry.npmjs.org/dequal/-/dequal-2.0.2.tgz",
      "integrity": "sha512-q9K8BlJVxK7hQYqa6XISGmBZbtQQWVXSrRrWreHC94rMt1QL/Impruc+7p2CYSYuVIUr+YCt6hjrs1kkdJRTug=="
    },
    "google-protobuf": {
      "version": "3.17.1",
      "resolved": "https://registry.npmjs.org/google-protobuf/-/google-protobuf-3.17.1.tgz",
      "integrity": "sha512-CHisE5cwd66w6y/K4K7x2N+SSZ0HgPBQwky7lKsj2vr4nXPuXQ2uUZgMF/ctXnd4xHL747Lh8LUgby2nA8gViA=="
    },
    "queue-microtask": {
      "version": "1.1.2",
      "resolved": "https://registry.npmjs.org/queue-microtask/-/queue-microtask-1.1.2.tgz",
      "integrity": "sha512-F9wwNePtXrzZenAB3ax0Y8TSKGvuB7Qw16J30hspEUTbfUM+H827XyN3rlpwhVmtm5wuZtbKIHjOnwDn7MUxWQ=="
    },
    "swr": {
      "version": "0.5.6",
      "resolved": "https://registry.npmjs.org/swr/-/swr-0.5.6.tgz",
      "integrity": "sha512-Bmx3L4geMZjYT5S2Z6EE6/5Cx6v1Ka0LhqZKq8d6WL2eu9y6gHWz3dUzfIK/ymZVHVfwT/EweFXiYGgfifei3w==",
      "requires": {
        "dequal": "2.0.2"
      }
    }
  }
}
